// !$*UTF8*$!
{
	archiveVersion = 1;
	classes = {
	};
	objectVersion = 46;
	objects = {

/* Begin PBXBuildFile section */
		84C364CA15E7772C00EC084D /* UIKit.framework in Frameworks */ = {isa = PBXBuildFile; fileRef = 84C364C915E7772C00EC084D /* UIKit.framework */; };
		84C364CC15E7772C00EC084D /* Foundation.framework in Frameworks */ = {isa = PBXBuildFile; fileRef = 84C364CB15E7772C00EC084D /* Foundation.framework */; };
		84C364CE15E7772C00EC084D /* CoreGraphics.framework in Frameworks */ = {isa = PBXBuildFile; fileRef = 84C364CD15E7772C00EC084D /* CoreGraphics.framework */; };
		84C364D015E7772C00EC084D /* CoreData.framework in Frameworks */ = {isa = PBXBuildFile; fileRef = 84C364CF15E7772C00EC084D /* CoreData.framework */; };
		84C364D615E7772C00EC084D /* InfoPlist.strings in Resources */ = {isa = PBXBuildFile; fileRef = 84C364D415E7772C00EC084D /* InfoPlist.strings */; };
		84C364D815E7772D00EC084D /* main.m in Sources */ = {isa = PBXBuildFile; fileRef = 84C364D715E7772D00EC084D /* main.m */; };
		84C364DC15E7772D00EC084D /* AppDelegate.m in Sources */ = {isa = PBXBuildFile; fileRef = 84C364DB15E7772D00EC084D /* AppDelegate.m */; };
		84C364DF15E7772D00EC084D /* Music.xcdatamodeld in Sources */ = {isa = PBXBuildFile; fileRef = 84C364DD15E7772D00EC084D /* Music.xcdatamodeld */; };
/* End PBXBuildFile section */

/* Begin PBXFileReference section */
		84C364C515E7772C00EC084D /* Music.app */ = {isa = PBXFileReference; explicitFileType = wrapper.application; includeInIndex = 0; path = Music.app; sourceTree = BUILT_PRODUCTS_DIR; };
		84C364C915E7772C00EC084D /* UIKit.framework */ = {isa = PBXFileReference; lastKnownFileType = wrapper.framework; name = UIKit.framework; path = System/Library/Frameworks/UIKit.framework; sourceTree = SDKROOT; };
		84C364CB15E7772C00EC084D /* Foundation.framework */ = {isa = PBXFileReference; lastKnownFileType = wrapper.framework; name = Foundation.framework; path = System/Library/Frameworks/Foundation.framework; sourceTree = SDKROOT; };
		84C364CD15E7772C00EC084D /* CoreGraphics.framework */ = {isa = PBXFileReference; lastKnownFileType = wrapper.framework; name = CoreGraphics.framework; path = System/Library/Frameworks/CoreGraphics.framework; sourceTree = SDKROOT; };
		84C364CF15E7772C00EC084D /* CoreData.framework */ = {isa = PBXFileReference; lastKnownFileType = wrapper.framework; name = CoreData.framework; path = System/Library/Frameworks/CoreData.framework; sourceTree = SDKROOT; };
		84C364D315E7772C00EC084D /* Music-Info.plist */ = {isa = PBXFileReference; path = "Music-Info.plist"; sourceTree = "<group>"; };
		84C364D515E7772C00EC084D /* en */ = {isa = PBXFileReference; lastKnownFileType = text.plist.strings; name = en; path = en.lproj/InfoPlist.strings; sourceTree = "<group>"; };
		84C364D715E7772D00EC084D /* main.m */ = {isa = PBXFileReference; lastKnownFileType = sourcecode.c.objc; path = main.m; sourceTree = "<group>"; };
		84C364D915E7772D00EC084D /* Music-Prefix.pch */ = {isa = PBXFileReference; path = "Music-Prefix.pch"; sourceTree = "<group>"; };
		84C364DA15E7772D00EC084D /* AppDelegate.h */ = {isa = PBXFileReference; path = AppDelegate.h; sourceTree = "<group>"; };
		84C364DB15E7772D00EC084D /* AppDelegate.m */ = {isa = PBXFileReference; lastKnownFileType = sourcecode.c.objc; path = AppDelegate.m; sourceTree = "<group>"; };
		84C364DE15E7772D00EC084D /* Music.xcdatamodel */ = {isa = PBXFileReference; lastKnownFileType = wrapper.xcdatamodel; path = Music.xcdatamodel; sourceTree = "<group>"; };
/* End PBXFileReference section */

/* Begin PBXFrameworksBuildPhase section */
		84C364C215E7772C00EC084D /* Frameworks */ = {
			isa = PBXFrameworksBuildPhase;
			buildActionMask = 2147483647;
			files = (
				84C364CA15E7772C00EC084D /* UIKit.framework in Frameworks */,
				84C364CC15E7772C00EC084D /* Foundation.framework in Frameworks */,
				84C364CE15E7772C00EC084D /* CoreGraphics.framework in Frameworks */,
				84C364D015E7772C00EC084D /* CoreData.framework in Frameworks */,
			);
			runOnlyForDeploymentPostprocessing = 0;
		};
/* End PBXFrameworksBuildPhase section */

/* Begin PBXGroup section */
		84C364BA15E7772C00EC084D = {
			isa = PBXGroup;
			children = (
				84C364D115E7772C00EC084D /* Music */,
				84C364C815E7772C00EC084D /* Frameworks */,
				84C364C615E7772C00EC084D /* Products */,
			);
			sourceTree = "<group>";
		};
		84C364C615E7772C00EC084D /* Products */ = {
			isa = PBXGroup;
			children = (
				84C364C515E7772C00EC084D /* Music.app */,
			);
			name = Products;
			sourceTree = "<group>";
		};
		84C364C815E7772C00EC084D /* Frameworks */ = {
			isa = PBXGroup;
			children = (
				84C364C915E7772C00EC084D /* UIKit.framework */,
				84C364CB15E7772C00EC084D /* Foundation.framework */,
				84C364CD15E7772C00EC084D /* CoreGraphics.framework */,
				84C364CF15E7772C00EC084D /* CoreData.framework */,
			);
			name = Frameworks;
			sourceTree = "<group>";
		};
		84C364D115E7772C00EC084D /* Music */ = {
			isa = PBXGroup;
			children = (
				84C364DA15E7772D00EC084D /* AppDelegate.h */,
				84C364DB15E7772D00EC084D /* AppDelegate.m */,
				84C364DD15E7772D00EC084D /* Music.xcdatamodeld */,
				84C364D215E7772C00EC084D /* Supporting Files */,
			);
			path = Music;
			sourceTree = "<group>";
		};
		84C364D215E7772C00EC084D /* Supporting Files */ = {
			isa = PBXGroup;
			children = (
				84C364D315E7772C00EC084D /* Music-Info.plist */,
				84C364D415E7772C00EC084D /* InfoPlist.strings */,
				84C364D715E7772D00EC084D /* main.m */,
				84C364D915E7772D00EC084D /* Music-Prefix.pch */,
			);
			name = "Supporting Files";
			sourceTree = "<group>";
		};
/* End PBXGroup section */

/* Begin PBXNativeTarget section */
		84C364C415E7772C00EC084D /* Music */ = {
			isa = PBXNativeTarget;
			buildConfigurationList = 84C364E215E7772D00EC084D /* Build configuration list for PBXNativeTarget "Music" */;
			buildPhases = (
				84C364C115E7772C00EC084D /* Sources */,
				84C364C215E7772C00EC084D /* Frameworks */,
				84C364C315E7772C00EC084D /* Resources */,
			);
			buildRules = (
			);
			dependencies = (
			);
			name = Music;
			productName = Music;
			productReference = 84C364C515E7772C00EC084D /* Music.app */;
			productType = "com.apple.product-type.application";
		};
/* End PBXNativeTarget section */

/* Begin PBXProject section */
		84C364BC15E7772C00EC084D /* Project object */ = {
			isa = PBXProject;
			attributes = {
				LastUpgradeCheck = 0430;
			};
			buildConfigurationList = 84C364BF15E7772C00EC084D /* Build configuration list for PBXProject "Music" */;
			compatibilityVersion = "Xcode 3.2";
			developmentRegion = English;
			hasScannedForEncodings = 0;
			knownRegions = (
				en,
			);
			mainGroup = 84C364BA15E7772C00EC084D;
			productRefGroup = 84C364C615E7772C00EC084D /* Products */;
			projectDirPath = "";
			projectRoot = "";
			targets = (
				84C364C415E7772C00EC084D /* Music */,
			);
		};
/* End PBXProject section */

/* Begin PBXResourcesBuildPhase section */
		84C364C315E7772C00EC084D /* Resources */ = {
			isa = PBXResourcesBuildPhase;
			buildActionMask = 2147483647;
			files = (
				84C364D615E7772C00EC084D /* InfoPlist.strings in Resources */,
			);
			runOnlyForDeploymentPostprocessing = 0;
		};
/* End PBXResourcesBuildPhase section */

/* Begin PBXSourcesBuildPhase section */
		84C364C115E7772C00EC084D /* Sources */ = {
			isa = PBXSourcesBuildPhase;
			buildActionMask = 2147483647;
			files = (
				84C364D815E7772D00EC084D /* main.m in Sources */,
				84C364DC15E7772D00EC084D /* AppDelegate.m in Sources */,
				84C364DF15E7772D00EC084D /* Music.xcdatamodeld in Sources */,
			);
			runOnlyForDeploymentPostprocessing = 0;
		};
/* End PBXSourcesBuildPhase section */

/* Begin PBXVariantGroup section */
		84C364D415E7772C00EC084D /* InfoPlist.strings */ = {
			isa = PBXVariantGroup;
			children = (
				84C364D515E7772C00EC084D /* en */,
			);
			name = InfoPlist.strings;
			sourceTree = "<group>";
		};
/* End PBXVariantGroup section */

/* Begin XCBuildConfiguration section */
		84C364E015E7772D00EC084D /* Debug */ = {
			isa = XCBuildConfiguration;
			buildSettings = {
				ALWAYS_SEARCH_USER_PATHS = NO;
				ARCHS = "$(ARCHS_STANDARD_32_BIT)";
				CLANG_ENABLE_OBJC_ARC = YES;
				"CODE_SIGN_IDENTITY[sdk=iphoneos*]" = "iPhone Developer";
				COPY_PHASE_STRIP = NO;
				GCC_C_LANGUAGE_STANDARD = gnu99;
				GCC_DYNAMIC_NO_PIC = NO;
				GCC_OPTIMIZATION_LEVEL = 0;
				GCC_PREPROCESSOR_DEFINITIONS = (
					"DEBUG=1",
					"$(inherited)",
				);
				GCC_SYMBOLS_PRIVATE_EXTERN = NO;
				GCC_VERSION = com.apple.compilers.llvm.clang.1_0;
				GCC_WARN_ABOUT_RETURN_TYPE = YES;
				GCC_WARN_UNINITIALIZED_AUTOS = YES;
				GCC_WARN_UNUSED_VARIABLE = YES;
				IPHONEOS_DEPLOYMENT_TARGET = 5.1;
				SDKROOT = iphoneos;
			};
			name = Debug;
		};
		84C364E115E7772D00EC084D /* Release */ = {
			isa = XCBuildConfiguration;
			buildSettings = {
				ALWAYS_SEARCH_USER_PATHS = NO;
				ARCHS = "$(ARCHS_STANDARD_32_BIT)";
				CLANG_ENABLE_OBJC_ARC = YES;
				"CODE_SIGN_IDENTITY[sdk=iphoneos*]" = "iPhone Developer";
				COPY_PHASE_STRIP = YES;
				GCC_C_LANGUAGE_STANDARD = gnu99;
				GCC_VERSION = com.apple.compilers.llvm.clang.1_0;
				GCC_WARN_ABOUT_RETURN_TYPE = YES;
				GCC_WARN_UNINITIALIZED_AUTOS = YES;
				GCC_WARN_UNUSED_VARIABLE = YES;
				IPHONEOS_DEPLOYMENT_TARGET = 5.1;
				OTHER_CFLAGS = "-DNS_BLOCK_ASSERTIONS=1";
				SDKROOT = iphoneos;
				VALIDATE_PRODUCT = YES;
			};
			name = Release;
		};
		84C364E315E7772D00EC084D /* Debug */ = {
			isa = XCBuildConfiguration;
			buildSettings = {
				GCC_PRECOMPILE_PREFIX_HEADER = YES;
				GCC_PREFIX_HEADER = "Music/Music-Prefix.pch";
				INFOPLIST_FILE = "Music/Music-Info.plist";
				PRODUCT_NAME = "$(TARGET_NAME)";
				WRAPPER_EXTENSION = app;
			};
			name = Debug;
		};
		84C364E415E7772D00EC084D /* Release */ = {
			isa = XCBuildConfiguration;
			buildSettings = {
				GCC_PRECOMPILE_PREFIX_HEADER = YES;
				GCC_PREFIX_HEADER = "Music/Music-Prefix.pch";
				INFOPLIST_FILE = "Music/Music-Info.plist";
				PRODUCT_NAME = "$(TARGET_NAME)";
				WRAPPER_EXTENSION = app;
			};
			name = Release;
		};
/* End XCBuildConfiguration section */

/* Begin XCConfigurationList section */
		84C364BF15E7772C00EC084D /* Build configuration list for PBXProject "Music" */ = {
			isa = XCConfigurationList;
			buildConfigurations = (
				84C364E015E7772D00EC084D /* Debug */,
				84C364E115E7772D00EC084D /* Release */,
			);
			defaultConfigurationIsVisible = 0;
			defaultConfigurationName = Release;
		};
		84C364E215E7772D00EC084D /* Build configuration list for PBXNativeTarget "Music" */ = {
			isa = XCConfigurationList;
			buildConfigurations = (
				84C364E315E7772D00EC084D /* Debug */,
				84C364E415E7772D00EC084D /* Release */,
			);
			defaultConfigurationIsVisible = 0;
		};
/* End XCConfigurationList section */

/* Begin XCVersionGroup section */
		84C364DD15E7772D00EC084D /* Music.xcdatamodeld */ = {
			isa = XCVersionGroup;
			children = (
				84C364DE15E7772D00EC084D /* Music.xcdatamodel */,
			);
			currentVersion = 84C364DE15E7772D00EC084D /* Music.xcdatamodel */;
			path = Music.xcdatamodeld;
			sourceTree = "<group>";
			versionGroupType = wrapper.xcdatamodel;
		};
/* End XCVersionGroup section */
	};
	rootObject = 84C364BC15E7772C00EC084D /* Project object */;
}
